{
  "lockfileVersion": 1,
  "configVersion": 1,
  "workspaces": {
    "": {
      "name": "messagekit",
      "devDependencies": {
        "@types/node": "^26.1.1",
      },
    },
    "apps/remote-mcp": {
      "name": "@messagekit/remote-mcp",
      "version": "0.0.0",
      "dependencies": {
        "@messagekit/core": "workspace:*",
        "@modelcontextprotocol/server": "^2.0.0",
        "hono": "^4.12.34",
      },
      "devDependencies": {
        "@types/node": "^26.1.2",
      },
    },
    "packages/cli": {
      "name": "@messagekit/cli",
      "version": "0.0.0",
      "dependencies": {
        "@messagekit/core": "workspace:*",
        "commander": "^15.0.0",
      },
      "devDependencies": {
        "@types/node": "^26.1.2",
      },
    },
    "packages/core": {
      "name": "@messagekit/core",
      "version": "0.0.0",
      "dependencies": {
        "zod": "^4.4.3",
      },
    },
    "packages/local-mcp": {
      "name": "@messagekit/local-mcp",
      "version": "0.0.0",
      "dependencies": {
        "@messagekit/core": "workspace:*",
        "@modelcontextprotocol/server": "^2.0.0",
        "zod": "^4.4.3",
      },
      "devDependencies": {
        "@types/node": "^26.1.2",
      },
    },
  },
  "packages": {
    "@messagekit/cli": ["@messagekit/cli@workspace:packages/cli"],

    "@messagekit/core": ["@messagekit/core@workspace:packages/core"],

    "@messagekit/local-mcp": ["@messagekit/local-mcp@workspace:packages/local-mcp"],

    "@messagekit/remote-mcp": ["@messagekit/remote-mcp@workspace:apps/remote-mcp"],

    "@modelcontextprotocol/core": ["@modelcontextprotocol/core@2.0.0", "", { "dependencies": { "zod": "^4.2.0" } }, "sha512-pJCEwGG7Lfr/+PQp9ZTwKXNeO5wzbfKL7H3MYpCorM4oFBoQrdjnBgEoqG+RjhsvS1FKrDbKux+M1HhlnGWqcA=="],

    "@modelcontextprotocol/server": ["@modelcontextprotocol/server@2.0.0", "", { "dependencies": { "@modelcontextprotocol/core": "2.0.0", "zod": "^4.2.0" } }, "sha512-YhHWdHfpFMQfd0prsEnxKeS3Qz3ytIGmsS0sth4KDjnacIT7hxk6hXHkJ9KysxlkvTM+WZAtQbbcUhdoP4Hvtw=="],

    "@types/node": ["@types/node@26.1.1", "", { "dependencies": { "undici-types": "~8.3.0" } }, "sha512-nxAkRSVkN1Y0JC1W8ky/fTfkGsMmcrRsbx+3XoZE+rMOX71kLYTV7fLXpqud1GpbpP5TuffXFqfX7fH2GgZREw=="],

    "commander": ["commander@15.0.0", "", {}, "sha512-z67u4ZhzCL/Tydu1lJARtEZYWbWaN7oYLHbsuzocr6y4N6WZAagG3RQ4FW61V1/0+jImpj293XfrcYnd1qxtPg=="],

    "hono": ["hono@4.12.34", "", {}, "sha512-GqXJqY/xJkJmuloTrnV1ZEXG3fqte+VjkUqoRNZXcrUidiUOP4fMSIHHY4tsqZBK++kVyWmt/AAfSUuy57/eSA=="],

    "undici-types": ["undici-types@8.3.0", "", {}, "sha512-j375ScV60dom+YkPFIfTLcOiPxkN/buHz5GobjLhixFuANaNs3C9l4GmrWqejgXWJ7BbJcFYpTEUkS1Ge8bpZQ=="],

    "zod": ["zod@4.4.3", "", {}, "sha512-ytENFjIJFl2UwYglde2jchW2Hwm4GJFLDiSXWdTrJQBIN9Fcyp7n4DhxJEiWNAJMV1/BqWfW/kkg71UDcHJyTQ=="],

    "@messagekit/cli/@types/node": ["@types/node@26.1.2", "", { "dependencies": { "undici-types": "~8.3.0" } }, "sha512-Vu4a5UFA9rIIFJ7rB/Vaafh9lrCQszopTCx6KjFboXTGQbPNasehVR5TEiithSDGyd1DEiUByggTZsg8jukeIg=="],

    "@messagekit/local-mcp/@types/node": ["@types/node@26.1.2", "", { "dependencies": { "undici-types": "~8.3.0" } }, "sha512-Vu4a5UFA9rIIFJ7rB/Vaafh9lrCQszopTCx6KjFboXTGQbPNasehVR5TEiithSDGyd1DEiUByggTZsg8jukeIg=="],

    "@messagekit/remote-mcp/@types/node": ["@types/node@26.1.2", "", { "dependencies": { "undici-types": "~8.3.0" } }, "sha512-Vu4a5UFA9rIIFJ7rB/Vaafh9lrCQszopTCx6KjFboXTGQbPNasehVR5TEiithSDGyd1DEiUByggTZsg8jukeIg=="],
  }
}
